{
  "version": "v1",
  "packages": {
    "emotion-semantic-ui": {
      "signature": "44a601fe3422d59eae8ee8c613536ee3",
      "link": true,
      "replaced": "file:.yalc/emotion-semantic-ui"
    },
    "numie-cls3": {
      "signature": "c0597e26be2d4d008f084c71ac206f81",
      "link": true
    }
  }
}